
Microsoft Visual Studio Solution File, Format Version 12.00
# Visual Studio Version 17
VisualStudioVersion = 17.7.34202.233
MinimumVisualStudioVersion = 10.0.40219.1
Project("{FAE04EC0-301F-11D3-BF4B-00C04F79EFBC}") = "WorkerService", "WorkerService\WorkerService.csproj", "{5B970723-484E-4A77-903C-A005F59D0F28}"
EndProject
Project("{FAE04EC0-301F-11D3-BF4B-00C04F79EFBC}") = "Domain", "Domain\Domain.csproj", "{D8C39F7C-BF53-4DA6-B885-56F471CD61E5}"
EndProject
Global
	GlobalSection(SolutionConfigurationPlatforms) = preSolution
		Debug|Any CPU = Debug|Any CPU
		Release|Any CPU = Release|Any CPU
	EndGlobalSection
	GlobalSection(ProjectConfigurationPlatforms) = postSolution
		{5B970723-484E-4A77-903C-A005F59D0F28}.Debug|Any CPU.ActiveCfg = Debug|Any CPU
		{5B970723-484E-4A77-903C-A005F59D0F28}.Debug|Any CPU.Build.0 = Debug|Any CPU
		{5B970723-484E-4A77-903C-A005F59D0F28}.Release|Any CPU.ActiveCfg = Release|Any CPU
		{5B970723-484E-4A77-903C-A005F59D0F28}.Release|Any CPU.Build.0 = Release|Any CPU
		{D8C39F7C-BF53-4DA6-B885-56F471CD61E5}.Debug|Any CPU.ActiveCfg = Debug|Any CPU
		{D8C39F7C-BF53-4DA6-B885-56F471CD61E5}.Debug|Any CPU.Build.0 = Debug|Any CPU
		{D8C39F7C-BF53-4DA6-B885-56F471CD61E5}.Release|Any CPU.ActiveCfg = Release|Any CPU
		{D8C39F7C-BF53-4DA6-B885-56F471CD61E5}.Release|Any CPU.Build.0 = Release|Any CPU
	EndGlobalSection
	GlobalSection(SolutionProperties) = preSolution
		HideSolutionNode = FALSE
	EndGlobalSection
	GlobalSection(ExtensibilityGlobals) = postSolution
		SolutionGuid = {8DC8B872-DCEC-4955-BB55-CCBAE828550F}
	EndGlobalSection
EndGlobal
