
Microsoft Visual Studio Solution File, Format Version 12.00
# Visual Studio Version 17
VisualStudioVersion = 17.7.34202.233
MinimumVisualStudioVersion = 10.0.40219.1
Project("{9A19103F-16F7-4668-BE54-9A1E7A4F7556}") = "Webservice", "Webservice\Webservice.csproj", "{5FA48204-5591-4AC9-9595-0AFD12F0333C}"
EndProject
Project("{9A19103F-16F7-4668-BE54-9A1E7A4F7556}") = "Model", "Model\Model.csproj", "{28E4BA47-440E-4B92-B728-166F431A7A3B}"
EndProject
Project("{9A19103F-16F7-4668-BE54-9A1E7A4F7556}") = "Domain", "Domain\Domain.csproj", "{EFDDB69C-3D53-4420-8162-39DBB121CBA1}"
EndProject
Project("{9A19103F-16F7-4668-BE54-9A1E7A4F7556}") = "Repository", "Repository\Repository.csproj", "{53AE2C76-8B45-48E4-887C-01941DEE6715}"
EndProject
Project("{FAE04EC0-301F-11D3-BF4B-00C04F79EFBC}") = "Service", "Service\Service.csproj", "{2E30FAD5-8DA2-48C7-8414-5C33FD727FD9}"
EndProject
Global
	GlobalSection(SolutionConfigurationPlatforms) = preSolution
		Debug|Any CPU = Debug|Any CPU
		Release|Any CPU = Release|Any CPU
	EndGlobalSection
	GlobalSection(ProjectConfigurationPlatforms) = postSolution
		{5FA48204-5591-4AC9-9595-0AFD12F0333C}.Debug|Any CPU.ActiveCfg = Debug|Any CPU
		{5FA48204-5591-4AC9-9595-0AFD12F0333C}.Debug|Any CPU.Build.0 = Debug|Any CPU
		{5FA48204-5591-4AC9-9595-0AFD12F0333C}.Release|Any CPU.ActiveCfg = Release|Any CPU
		{5FA48204-5591-4AC9-9595-0AFD12F0333C}.Release|Any CPU.Build.0 = Release|Any CPU
		{28E4BA47-440E-4B92-B728-166F431A7A3B}.Debug|Any CPU.ActiveCfg = Debug|Any CPU
		{28E4BA47-440E-4B92-B728-166F431A7A3B}.Debug|Any CPU.Build.0 = Debug|Any CPU
		{28E4BA47-440E-4B92-B728-166F431A7A3B}.Release|Any CPU.ActiveCfg = Release|Any CPU
		{28E4BA47-440E-4B92-B728-166F431A7A3B}.Release|Any CPU.Build.0 = Release|Any CPU
		{EFDDB69C-3D53-4420-8162-39DBB121CBA1}.Debug|Any CPU.ActiveCfg = Debug|Any CPU
		{EFDDB69C-3D53-4420-8162-39DBB121CBA1}.Debug|Any CPU.Build.0 = Debug|Any CPU
		{EFDDB69C-3D53-4420-8162-39DBB121CBA1}.Release|Any CPU.ActiveCfg = Release|Any CPU
		{EFDDB69C-3D53-4420-8162-39DBB121CBA1}.Release|Any CPU.Build.0 = Release|Any CPU
		{53AE2C76-8B45-48E4-887C-01941DEE6715}.Debug|Any CPU.ActiveCfg = Debug|Any CPU
		{53AE2C76-8B45-48E4-887C-01941DEE6715}.Debug|Any CPU.Build.0 = Debug|Any CPU
		{53AE2C76-8B45-48E4-887C-01941DEE6715}.Release|Any CPU.ActiveCfg = Release|Any CPU
		{53AE2C76-8B45-48E4-887C-01941DEE6715}.Release|Any CPU.Build.0 = Release|Any CPU
		{2E30FAD5-8DA2-48C7-8414-5C33FD727FD9}.Debug|Any CPU.ActiveCfg = Debug|Any CPU
		{2E30FAD5-8DA2-48C7-8414-5C33FD727FD9}.Debug|Any CPU.Build.0 = Debug|Any CPU
		{2E30FAD5-8DA2-48C7-8414-5C33FD727FD9}.Release|Any CPU.ActiveCfg = Release|Any CPU
		{2E30FAD5-8DA2-48C7-8414-5C33FD727FD9}.Release|Any CPU.Build.0 = Release|Any CPU
	EndGlobalSection
	GlobalSection(SolutionProperties) = preSolution
		HideSolutionNode = FALSE
	EndGlobalSection
	GlobalSection(ExtensibilityGlobals) = postSolution
		SolutionGuid = {013A75DC-3EBC-476B-B5BD-78FB617621B1}
	EndGlobalSection
EndGlobal
